
Microsoft Visual Studio Solution File, Format Version 12.00
# Visual Studio Version 16
VisualStudioVersion = 16.0.31402.337
MinimumVisualStudioVersion = 10.0.40219.1
Project("{FAE04EC0-301F-11D3-BF4B-00C04F79EFBC}") = "ecommerce-cart", "ecommerce-cart\ecommerce-cart.csproj", "{563D94CE-8DC1-4005-88EE-9677AF60E65C}"
EndProject
Global
	GlobalSection(SolutionConfigurationPlatforms) = preSolution
		Debug|Any CPU = Debug|Any CPU
		Release|Any CPU = Release|Any CPU
	EndGlobalSection
	GlobalSection(ProjectConfigurationPlatforms) = postSolution
		{563D94CE-8DC1-4005-88EE-9677AF60E65C}.Debug|Any CPU.ActiveCfg = Debug|Any CPU
		{563D94CE-8DC1-4005-88EE-9677AF60E65C}.Debug|Any CPU.Build.0 = Debug|Any CPU
		{563D94CE-8DC1-4005-88EE-9677AF60E65C}.Release|Any CPU.ActiveCfg = Release|Any CPU
		{563D94CE-8DC1-4005-88EE-9677AF60E65C}.Release|Any CPU.Build.0 = Release|Any CPU
	EndGlobalSection
	GlobalSection(SolutionProperties) = preSolution
		HideSolutionNode = FALSE
	EndGlobalSection
	GlobalSection(ExtensibilityGlobals) = postSolution
		SolutionGuid = {17F96B18-4322-4AB3-BAA8-908F6ECF53D9}
	EndGlobalSection
EndGlobal
